
Microsoft Visual Studio Solution File, Format Version 12.00
# Visual Studio Version 17
VisualStudioVersion = 17.8.34525.116
MinimumVisualStudioVersion = 10.0.40219.1
Project("{9A19103F-16F7-4668-BE54-9A1E7A4F7556}") = "SpotifyGoldServer", "SpotifyGoldServer\SpotifyGoldServer.csproj", "{E4658FA2-2017-42BD-AF72-B7F1D6DC641C}"
EndProject
Project("{2150E333-8FDC-42A3-9474-1A3956D46DE8}") = "Solution Items", "Solution Items", "{D60C1975-423A-4CDC-B450-0ABC3AEC8871}"
	ProjectSection(SolutionItems) = preProject
		.editorconfig = .editorconfig
		.gitignore = .gitignore
		bin\backup.sh = bin\backup.sh
	EndProjectSection
EndProject
Project("{9A19103F-16F7-4668-BE54-9A1E7A4F7556}") = "DAL", "DAL\DAL.csproj", "{FEF21B1A-C519-43D4-82C7-93354B78CC7E}"
EndProject
Project("{9A19103F-16F7-4668-BE54-9A1E7A4F7556}") = "ENT", "ENT\ENT.csproj", "{E2E98193-0BDC-4CD4-B509-15AFA80282E6}"
EndProject
Project("{9A19103F-16F7-4668-BE54-9A1E7A4F7556}") = "COM", "COM\COM.csproj", "{03FE46D4-E1C0-443B-9D91-4B1E4E651C4B}"
EndProject
Project("{FAE04EC0-301F-11D3-BF4B-00C04F79EFBC}") = "Testing", "Testing\Testing.csproj", "{B2901270-0561-40FD-8735-5B4480819739}"
EndProject
Global
	GlobalSection(SolutionConfigurationPlatforms) = preSolution
		Debug|Any CPU = Debug|Any CPU
		Release|Any CPU = Release|Any CPU
	EndGlobalSection
	GlobalSection(ProjectConfigurationPlatforms) = postSolution
		{E4658FA2-2017-42BD-AF72-B7F1D6DC641C}.Debug|Any CPU.ActiveCfg = Debug|Any CPU
		{E4658FA2-2017-42BD-AF72-B7F1D6DC641C}.Debug|Any CPU.Build.0 = Debug|Any CPU
		{E4658FA2-2017-42BD-AF72-B7F1D6DC641C}.Release|Any CPU.ActiveCfg = Release|Any CPU
		{E4658FA2-2017-42BD-AF72-B7F1D6DC641C}.Release|Any CPU.Build.0 = Release|Any CPU
		{FEF21B1A-C519-43D4-82C7-93354B78CC7E}.Debug|Any CPU.ActiveCfg = Debug|Any CPU
		{FEF21B1A-C519-43D4-82C7-93354B78CC7E}.Debug|Any CPU.Build.0 = Debug|Any CPU
		{FEF21B1A-C519-43D4-82C7-93354B78CC7E}.Release|Any CPU.ActiveCfg = Release|Any CPU
		{FEF21B1A-C519-43D4-82C7-93354B78CC7E}.Release|Any CPU.Build.0 = Release|Any CPU
		{E2E98193-0BDC-4CD4-B509-15AFA80282E6}.Debug|Any CPU.ActiveCfg = Debug|Any CPU
		{E2E98193-0BDC-4CD4-B509-15AFA80282E6}.Debug|Any CPU.Build.0 = Debug|Any CPU
		{E2E98193-0BDC-4CD4-B509-15AFA80282E6}.Release|Any CPU.ActiveCfg = Release|Any CPU
		{E2E98193-0BDC-4CD4-B509-15AFA80282E6}.Release|Any CPU.Build.0 = Release|Any CPU
		{03FE46D4-E1C0-443B-9D91-4B1E4E651C4B}.Debug|Any CPU.ActiveCfg = Debug|Any CPU
		{03FE46D4-E1C0-443B-9D91-4B1E4E651C4B}.Debug|Any CPU.Build.0 = Debug|Any CPU
		{03FE46D4-E1C0-443B-9D91-4B1E4E651C4B}.Release|Any CPU.ActiveCfg = Release|Any CPU
		{03FE46D4-E1C0-443B-9D91-4B1E4E651C4B}.Release|Any CPU.Build.0 = Release|Any CPU
		{B2901270-0561-40FD-8735-5B4480819739}.Debug|Any CPU.ActiveCfg = Debug|Any CPU
		{B2901270-0561-40FD-8735-5B4480819739}.Debug|Any CPU.Build.0 = Debug|Any CPU
		{B2901270-0561-40FD-8735-5B4480819739}.Release|Any CPU.ActiveCfg = Release|Any CPU
		{B2901270-0561-40FD-8735-5B4480819739}.Release|Any CPU.Build.0 = Release|Any CPU
	EndGlobalSection
	GlobalSection(SolutionProperties) = preSolution
		HideSolutionNode = FALSE
	EndGlobalSection
	GlobalSection(ExtensibilityGlobals) = postSolution
		SolutionGuid = {39E5F9DA-732D-4DBB-AC49-3F5FA494AC92}
	EndGlobalSection
EndGlobal
